
Microsoft Visual Studio Solution File, Format Version 11.00
# Visual Studio 2010
Project("{FAE04EC0-301F-11D3-BF4B-00C04F79EFBC}") = "theRevivalRace", "Assembly-CSharp-firstpass.csproj", "{0AD0F925-71F7-3A50-E9E2-3F6E172B4B61}"
EndProject
Project("{FAE04EC0-301F-11D3-BF4B-00C04F79EFBC}") = "theRevivalRace", "Assembly-CSharp.csproj", "{3F42B814-2719-E5B0-E4A4-EB62E01A52C2}"
EndProject
Project("{FAE04EC0-301F-11D3-BF4B-00C04F79EFBC}") = "theRevivalRace", "Assembly-CSharp-Editor-firstpass.csproj", "{FE0FEF14-0417-FC7C-FDE7-48529F8ADBBD}"
EndProject
Global
	GlobalSection(SolutionConfigurationPlatforms) = preSolution
		Debug|Any CPU = Debug|Any CPU
		Release|Any CPU = Release|Any CPU
	EndGlobalSection
	GlobalSection(ProjectConfigurationPlatforms) = postSolution
		{0AD0F925-71F7-3A50-E9E2-3F6E172B4B61}.Debug|Any CPU.ActiveCfg = Debug|Any CPU
		{0AD0F925-71F7-3A50-E9E2-3F6E172B4B61}.Debug|Any CPU.Build.0 = Debug|Any CPU
		{0AD0F925-71F7-3A50-E9E2-3F6E172B4B61}.Release|Any CPU.ActiveCfg = Release|Any CPU
		{0AD0F925-71F7-3A50-E9E2-3F6E172B4B61}.Release|Any CPU.Build.0 = Release|Any CPU
		{3F42B814-2719-E5B0-E4A4-EB62E01A52C2}.Debug|Any CPU.ActiveCfg = Debug|Any CPU
		{3F42B814-2719-E5B0-E4A4-EB62E01A52C2}.Debug|Any CPU.Build.0 = Debug|Any CPU
		{3F42B814-2719-E5B0-E4A4-EB62E01A52C2}.Release|Any CPU.ActiveCfg = Release|Any CPU
		{3F42B814-2719-E5B0-E4A4-EB62E01A52C2}.Release|Any CPU.Build.0 = Release|Any CPU
		{FE0FEF14-0417-FC7C-FDE7-48529F8ADBBD}.Debug|Any CPU.ActiveCfg = Debug|Any CPU
		{FE0FEF14-0417-FC7C-FDE7-48529F8ADBBD}.Debug|Any CPU.Build.0 = Debug|Any CPU
		{FE0FEF14-0417-FC7C-FDE7-48529F8ADBBD}.Release|Any CPU.ActiveCfg = Release|Any CPU
		{FE0FEF14-0417-FC7C-FDE7-48529F8ADBBD}.Release|Any CPU.Build.0 = Release|Any CPU
	EndGlobalSection
	GlobalSection(SolutionProperties) = preSolution
		HideSolutionNode = FALSE
	EndGlobalSection
	GlobalSection(MonoDevelopProperties) = preSolution
		StartupItem = Assembly-CSharp.csproj
	EndGlobalSection
EndGlobal
